// !$*UTF8*$!
{
	archiveVersion = 1;
	classes = {
	};
	objectVersion = 50;
	objects = {

/* Begin PBXBuildFile section */
		761A27F2226D36070069B77A /* EmptyDataView.swift in Sources */ = {isa = PBXBuildFile; fileRef = 761A27F1226D36070069B77A /* EmptyDataView.swift */; };
		76C502112266BB4500E46A52 /* AppDelegate.swift in Sources */ = {isa = PBXBuildFile; fileRef = 76C502102266BB4500E46A52 /* AppDelegate.swift */; };
		76C502162266BB4500E46A52 /* Main.storyboard in Resources */ = {isa = PBXBuildFile; fileRef = 76C502142266BB4500E46A52 /* Main.storyboard */; };
		76C502182266BB4600E46A52 /* Assets.xcassets in Resources */ = {isa = PBXBuildFile; fileRef = 76C502172266BB4600E46A52 /* Assets.xcassets */; };
		76C5021B2266BB4600E46A52 /* LaunchScreen.storyboard in Resources */ = {isa = PBXBuildFile; fileRef = 76C502192266BB4600E46A52 /* LaunchScreen.storyboard */; };
		76C502312266BBB000E46A52 /* RepositoriesTableViewController.swift in Sources */ = {isa = PBXBuildFile; fileRef = 76C502302266BBB000E46A52 /* RepositoriesTableViewController.swift */; };
		76C502332266BD2800E46A52 /* RepositoriesResponse.swift in Sources */ = {isa = PBXBuildFile; fileRef = 76C502322266BD2800E46A52 /* RepositoriesResponse.swift */; };
		76C502352266BDEA00E46A52 /* Repository.swift in Sources */ = {isa = PBXBuildFile; fileRef = 76C502342266BDEA00E46A52 /* Repository.swift */; };
		76C502372266BDFC00E46A52 /* User.swift in Sources */ = {isa = PBXBuildFile; fileRef = 76C502362266BDFC00E46A52 /* User.swift */; };
		76C5023B2266BE9000E46A52 /* Service.swift in Sources */ = {isa = PBXBuildFile; fileRef = 76C502392266BE8F00E46A52 /* Service.swift */; };
		76C5023C2266BE9000E46A52 /* ServiceConfiguration.swift in Sources */ = {isa = PBXBuildFile; fileRef = 76C5023A2266BE9000E46A52 /* ServiceConfiguration.swift */; };
		76C5023F2266C09000E46A52 /* RepositorySearchService.swift in Sources */ = {isa = PBXBuildFile; fileRef = 76C5023E2266C09000E46A52 /* RepositorySearchService.swift */; };
		76E557DC22695A1C00B1D96E /* RepositoriesTests.swift in Sources */ = {isa = PBXBuildFile; fileRef = 76E557DB22695A1C00B1D96E /* RepositoriesTests.swift */; };
		76E557E022695B4200B1D96E /* RepositorySearchServiceMock.swift in Sources */ = {isa = PBXBuildFile; fileRef = 76E557DF22695B4200B1D96E /* RepositorySearchServiceMock.swift */; };
		76E557E322695CD200B1D96E /* RepositoriesViewSpy.swift in Sources */ = {isa = PBXBuildFile; fileRef = 76E557E222695CD200B1D96E /* RepositoriesViewSpy.swift */; };
		76E557E5226961D300B1D96E /* repositoriesResponse.json in Resources */ = {isa = PBXBuildFile; fileRef = 76E557E4226961D300B1D96E /* repositoriesResponse.json */; };
		76FACAED226928FF00FD2944 /* RepositoriesPresenter.swift in Sources */ = {isa = PBXBuildFile; fileRef = 76FACAEC226928FF00FD2944 /* RepositoriesPresenter.swift */; };
		76FACAEF22692C9200FD2944 /* RepositoryDataView.swift in Sources */ = {isa = PBXBuildFile; fileRef = 76FACAEE22692C9200FD2944 /* RepositoryDataView.swift */; };
		76FACAF122692CBD00FD2944 /* UserDataView.swift in Sources */ = {isa = PBXBuildFile; fileRef = 76FACAF022692CBD00FD2944 /* UserDataView.swift */; };
		76FACAF52269343300FD2944 /* RepositoryTableViewCell.swift in Sources */ = {isa = PBXBuildFile; fileRef = 76FACAF32269343300FD2944 /* RepositoryTableViewCell.swift */; };
		76FACAF62269343300FD2944 /* RepositoryTableViewCell.xib in Resources */ = {isa = PBXBuildFile; fileRef = 76FACAF42269343300FD2944 /* RepositoryTableViewCell.xib */; };
		76FACAF92269426000FD2944 /* RemoteImageView.swift in Sources */ = {isa = PBXBuildFile; fileRef = 76FACAF82269426000FD2944 /* RemoteImageView.swift */; };
/* End PBXBuildFile section */

/* Begin PBXContainerItemProxy section */
		76C502222266BB4600E46A52 /* PBXContainerItemProxy */ = {
			isa = PBXContainerItemProxy;
			containerPortal = 76C502052266BB4500E46A52 /* Project object */;
			proxyType = 1;
			remoteGlobalIDString = 76C5020C2266BB4500E46A52;
			remoteInfo = PopRepos;
		};
/* End PBXContainerItemProxy section */

/* Begin PBXFileReference section */
		761A27F1226D36070069B77A /* EmptyDataView.swift */ = {isa = PBXFileReference; lastKnownFileType = sourcecode.swift; path = EmptyDataView.swift; sourceTree = "<group>"; };
		76C5020D2266BB4500E46A52 /* PopRepos.app */ = {isa = PBXFileReference; explicitFileType = wrapper.application; includeInIndex = 0; path = PopRepos.app; sourceTree = BUILT_PRODUCTS_DIR; };
		76C502102266BB4500E46A52 /* AppDelegate.swift */ = {isa = PBXFileReference; lastKnownFileType = sourcecode.swift; path = AppDelegate.swift; sourceTree = "<group>"; };
		76C502152266BB4500E46A52 /* Base */ = {isa = PBXFileReference; lastKnownFileType = file.storyboard; name = Base; path = Base.lproj/Main.storyboard; sourceTree = "<group>"; };
		76C502172266BB4600E46A52 /* Assets.xcassets */ = {isa = PBXFileReference; lastKnownFileType = folder.assetcatalog; path = Assets.xcassets; sourceTree = "<group>"; };
		76C5021A2266BB4600E46A52 /* Base */ = {isa = PBXFileReference; lastKnownFileType = file.storyboard; name = Base; path = Base.lproj/LaunchScreen.storyboard; sourceTree = "<group>"; };
		76C5021C2266BB4600E46A52 /* Info.plist */ = {isa = PBXFileReference; lastKnownFileType = text.plist.xml; path = Info.plist; sourceTree = "<group>"; };
		76C502212266BB4600E46A52 /* PopReposTests.xctest */ = {isa = PBXFileReference; explicitFileType = wrapper.cfbundle; includeInIndex = 0; path = PopReposTests.xctest; sourceTree = BUILT_PRODUCTS_DIR; };
		76C502272266BB4600E46A52 /* Info.plist */ = {isa = PBXFileReference; lastKnownFileType = text.plist.xml; path = Info.plist; sourceTree = "<group>"; };
		76C502302266BBB000E46A52 /* RepositoriesTableViewController.swift */ = {isa = PBXFileReference; lastKnownFileType = sourcecode.swift; name = RepositoriesTableViewController.swift; path = ../RepositoriesTableViewController.swift; sourceTree = "<group>"; };
		76C502322266BD2800E46A52 /* RepositoriesResponse.swift */ = {isa = PBXFileReference; lastKnownFileType = sourcecode.swift; path = RepositoriesResponse.swift; sourceTree = "<group>"; };
		76C502342266BDEA00E46A52 /* Repository.swift */ = {isa = PBXFileReference; lastKnownFileType = sourcecode.swift; path = Repository.swift; sourceTree = "<group>"; };
		76C502362266BDFC00E46A52 /* User.swift */ = {isa = PBXFileReference; lastKnownFileType = sourcecode.swift; path = User.swift; sourceTree = "<group>"; };
		76C502392266BE8F00E46A52 /* Service.swift */ = {isa = PBXFileReference; fileEncoding = 4; lastKnownFileType = sourcecode.swift; path = Service.swift; sourceTree = "<group>"; };
		76C5023A2266BE9000E46A52 /* ServiceConfiguration.swift */ = {isa = PBXFileReference; fileEncoding = 4; lastKnownFileType = sourcecode.swift; path = ServiceConfiguration.swift; sourceTree = "<group>"; };
		76C5023E2266C09000E46A52 /* RepositorySearchService.swift */ = {isa = PBXFileReference; lastKnownFileType = sourcecode.swift; path = RepositorySearchService.swift; sourceTree = "<group>"; };
		76E557DB22695A1C00B1D96E /* RepositoriesTests.swift */ = {isa = PBXFileReference; lastKnownFileType = sourcecode.swift; path = RepositoriesTests.swift; sourceTree = "<group>"; };
		76E557DF22695B4200B1D96E /* RepositorySearchServiceMock.swift */ = {isa = PBXFileReference; lastKnownFileType = sourcecode.swift; path = RepositorySearchServiceMock.swift; sourceTree = "<group>"; };
		76E557E222695CD200B1D96E /* RepositoriesViewSpy.swift */ = {isa = PBXFileReference; lastKnownFileType = sourcecode.swift; path = RepositoriesViewSpy.swift; sourceTree = "<group>"; };
		76E557E4226961D300B1D96E /* repositoriesResponse.json */ = {isa = PBXFileReference; fileEncoding = 4; lastKnownFileType = text.json; path = repositoriesResponse.json; sourceTree = "<group>"; };
		76FACAEC226928FF00FD2944 /* RepositoriesPresenter.swift */ = {isa = PBXFileReference; lastKnownFileType = sourcecode.swift; path = RepositoriesPresenter.swift; sourceTree = "<group>"; };
		76FACAEE22692C9200FD2944 /* RepositoryDataView.swift */ = {isa = PBXFileReference; lastKnownFileType = sourcecode.swift; path = RepositoryDataView.swift; sourceTree = "<group>"; };
		76FACAF022692CBD00FD2944 /* UserDataView.swift */ = {isa = PBXFileReference; lastKnownFileType = sourcecode.swift; path = UserDataView.swift; sourceTree = "<group>"; };
		76FACAF32269343300FD2944 /* RepositoryTableViewCell.swift */ = {isa = PBXFileReference; lastKnownFileType = sourcecode.swift; path = RepositoryTableViewCell.swift; sourceTree = "<group>"; };
		76FACAF42269343300FD2944 /* RepositoryTableViewCell.xib */ = {isa = PBXFileReference; lastKnownFileType = file.xib; path = RepositoryTableViewCell.xib; sourceTree = "<group>"; };
		76FACAF82269426000FD2944 /* RemoteImageView.swift */ = {isa = PBXFileReference; lastKnownFileType = sourcecode.swift; path = RemoteImageView.swift; sourceTree = "<group>"; };
/* End PBXFileReference section */

/* Begin PBXFrameworksBuildPhase section */
		76C5020A2266BB4500E46A52 /* Frameworks */ = {
			isa = PBXFrameworksBuildPhase;
			buildActionMask = 2147483647;
			files = (
			);
			runOnlyForDeploymentPostprocessing = 0;
		};
		76C5021E2266BB4600E46A52 /* Frameworks */ = {
			isa = PBXFrameworksBuildPhase;
			buildActionMask = 2147483647;
			files = (
			);
			runOnlyForDeploymentPostprocessing = 0;
		};
/* End PBXFrameworksBuildPhase section */

/* Begin PBXGroup section */
		76C502042266BB4500E46A52 = {
			isa = PBXGroup;
			children = (
				76C5020F2266BB4500E46A52 /* PopRepos */,
				76C502242266BB4600E46A52 /* PopReposTests */,
				76C5020E2266BB4500E46A52 /* Products */,
			);
			sourceTree = "<group>";
		};
		76C5020E2266BB4500E46A52 /* Products */ = {
			isa = PBXGroup;
			children = (
				76C5020D2266BB4500E46A52 /* PopRepos.app */,
				76C502212266BB4600E46A52 /* PopReposTests.xctest */,
			);
			name = Products;
			sourceTree = "<group>";
		};
		76C5020F2266BB4500E46A52 /* PopRepos */ = {
			isa = PBXGroup;
			children = (
				76C502102266BB4500E46A52 /* AppDelegate.swift */,
				76C502142266BB4500E46A52 /* Main.storyboard */,
				76FACAFA226948D600FD2944 /* View */,
				76E557D92269490500B1D96E /* Presenter */,
				76FACAF72269343900FD2944 /* Custom Cells */,
				76FACAF222692CC700FD2944 /* DataView */,
				76C5023D2266BE9900E46A52 /* Service */,
				76C502382266BE2B00E46A52 /* Model */,
				76E557DA2269490B00B1D96E /* Custom Views */,
				76C502172266BB4600E46A52 /* Assets.xcassets */,
				76C502192266BB4600E46A52 /* LaunchScreen.storyboard */,
				76C5021C2266BB4600E46A52 /* Info.plist */,
			);
			path = PopRepos;
			sourceTree = "<group>";
		};
		76C502242266BB4600E46A52 /* PopReposTests */ = {
			isa = PBXGroup;
			children = (
				76E557E82269657100B1D96E /* Repositories */,
				76C502272266BB4600E46A52 /* Info.plist */,
			);
			path = PopReposTests;
			sourceTree = "<group>";
		};
		76C502382266BE2B00E46A52 /* Model */ = {
			isa = PBXGroup;
			children = (
				76C502322266BD2800E46A52 /* RepositoriesResponse.swift */,
				76C502342266BDEA00E46A52 /* Repository.swift */,
				76C502362266BDFC00E46A52 /* User.swift */,
			);
			path = Model;
			sourceTree = "<group>";
		};
		76C5023D2266BE9900E46A52 /* Service */ = {
			isa = PBXGroup;
			children = (
				76C502392266BE8F00E46A52 /* Service.swift */,
				76C5023A2266BE9000E46A52 /* ServiceConfiguration.swift */,
				76C5023E2266C09000E46A52 /* RepositorySearchService.swift */,
			);
			path = Service;
			sourceTree = "<group>";
		};
		76E557D92269490500B1D96E /* Presenter */ = {
			isa = PBXGroup;
			children = (
				76FACAEC226928FF00FD2944 /* RepositoriesPresenter.swift */,
			);
			path = Presenter;
			sourceTree = "<group>";
		};
		76E557DA2269490B00B1D96E /* Custom Views */ = {
			isa = PBXGroup;
			children = (
				761A27F1226D36070069B77A /* EmptyDataView.swift */,
				76FACAF82269426000FD2944 /* RemoteImageView.swift */,
			);
			path = "Custom Views";
			sourceTree = "<group>";
		};
		76E557E122695B4500B1D96E /* Mock */ = {
			isa = PBXGroup;
			children = (
				76E557DF22695B4200B1D96E /* RepositorySearchServiceMock.swift */,
				76E557E4226961D300B1D96E /* repositoriesResponse.json */,
			);
			path = Mock;
			sourceTree = "<group>";
		};
		76E557E62269655100B1D96E /* Spies */ = {
			isa = PBXGroup;
			children = (
				76E557E222695CD200B1D96E /* RepositoriesViewSpy.swift */,
			);
			path = Spies;
			sourceTree = "<group>";
		};
		76E557E72269655900B1D96E /* Tests */ = {
			isa = PBXGroup;
			children = (
				76E557DB22695A1C00B1D96E /* RepositoriesTests.swift */,
			);
			path = Tests;
			sourceTree = "<group>";
		};
		76E557E82269657100B1D96E /* Repositories */ = {
			isa = PBXGroup;
			children = (
				76E557E72269655900B1D96E /* Tests */,
				76E557E62269655100B1D96E /* Spies */,
				76E557E122695B4500B1D96E /* Mock */,
			);
			path = Repositories;
			sourceTree = "<group>";
		};
		76FACAF222692CC700FD2944 /* DataView */ = {
			isa = PBXGroup;
			children = (
				76FACAEE22692C9200FD2944 /* RepositoryDataView.swift */,
				76FACAF022692CBD00FD2944 /* UserDataView.swift */,
			);
			path = DataView;
			sourceTree = "<group>";
		};
		76FACAF72269343900FD2944 /* Custom Cells */ = {
			isa = PBXGroup;
			children = (
				76FACAF32269343300FD2944 /* RepositoryTableViewCell.swift */,
				76FACAF42269343300FD2944 /* RepositoryTableViewCell.xib */,
			);
			path = "Custom Cells";
			sourceTree = "<group>";
		};
		76FACAFA226948D600FD2944 /* View */ = {
			isa = PBXGroup;
			children = (
				76C502302266BBB000E46A52 /* RepositoriesTableViewController.swift */,
			);
			path = View;
			sourceTree = "<group>";
		};
/* End PBXGroup section */

/* Begin PBXNativeTarget section */
		76C5020C2266BB4500E46A52 /* PopRepos */ = {
			isa = PBXNativeTarget;
			buildConfigurationList = 76C5022A2266BB4600E46A52 /* Build configuration list for PBXNativeTarget "PopRepos" */;
			buildPhases = (
				76C502092266BB4500E46A52 /* Sources */,
				76C5020A2266BB4500E46A52 /* Frameworks */,
				76C5020B2266BB4500E46A52 /* Resources */,
			);
			buildRules = (
			);
			dependencies = (
			);
			name = PopRepos;
			productName = PopRepos;
			productReference = 76C5020D2266BB4500E46A52 /* PopRepos.app */;
			productType = "com.apple.product-type.application";
		};
		76C502202266BB4600E46A52 /* PopReposTests */ = {
			isa = PBXNativeTarget;
			buildConfigurationList = 76C5022D2266BB4600E46A52 /* Build configuration list for PBXNativeTarget "PopReposTests" */;
			buildPhases = (
				76C5021D2266BB4600E46A52 /* Sources */,
				76C5021E2266BB4600E46A52 /* Frameworks */,
				76C5021F2266BB4600E46A52 /* Resources */,
			);
			buildRules = (
			);
			dependencies = (
				76C502232266BB4600E46A52 /* PBXTargetDependency */,
			);
			name = PopReposTests;
			productName = PopReposTests;
			productReference = 76C502212266BB4600E46A52 /* PopReposTests.xctest */;
			productType = "com.apple.product-type.bundle.unit-test";
		};
/* End PBXNativeTarget section */

/* Begin PBXProject section */
		76C502052266BB4500E46A52 /* Project object */ = {
			isa = PBXProject;
			attributes = {
				LastSwiftUpdateCheck = 1020;
				LastUpgradeCheck = 1020;
				ORGANIZATIONNAME = "Leonardo Oliveira";
				TargetAttributes = {
					76C5020C2266BB4500E46A52 = {
						CreatedOnToolsVersion = 10.2;
					};
					76C502202266BB4600E46A52 = {
						CreatedOnToolsVersion = 10.2;
						TestTargetID = 76C5020C2266BB4500E46A52;
					};
				};
			};
			buildConfigurationList = 76C502082266BB4500E46A52 /* Build configuration list for PBXProject "PopRepos" */;
			compatibilityVersion = "Xcode 9.3";
			developmentRegion = en;
			hasScannedForEncodings = 0;
			knownRegions = (
				en,
				Base,
			);
			mainGroup = 76C502042266BB4500E46A52;
			productRefGroup = 76C5020E2266BB4500E46A52 /* Products */;
			projectDirPath = "";
			projectRoot = "";
			targets = (
				76C5020C2266BB4500E46A52 /* PopRepos */,
				76C502202266BB4600E46A52 /* PopReposTests */,
			);
		};
/* End PBXProject section */

/* Begin PBXResourcesBuildPhase section */
		76C5020B2266BB4500E46A52 /* Resources */ = {
			isa = PBXResourcesBuildPhase;
			buildActionMask = 2147483647;
			files = (
				76C5021B2266BB4600E46A52 /* LaunchScreen.storyboard in Resources */,
				76C502182266BB4600E46A52 /* Assets.xcassets in Resources */,
				76C502162266BB4500E46A52 /* Main.storyboard in Resources */,
				76FACAF62269343300FD2944 /* RepositoryTableViewCell.xib in Resources */,
			);
			runOnlyForDeploymentPostprocessing = 0;
		};
		76C5021F2266BB4600E46A52 /* Resources */ = {
			isa = PBXResourcesBuildPhase;
			buildActionMask = 2147483647;
			files = (
				76E557E5226961D300B1D96E /* repositoriesResponse.json in Resources */,
			);
			runOnlyForDeploymentPostprocessing = 0;
		};
/* End PBXResourcesBuildPhase section */

/* Begin PBXSourcesBuildPhase section */
		76C502092266BB4500E46A52 /* Sources */ = {
			isa = PBXSourcesBuildPhase;
			buildActionMask = 2147483647;
			files = (
				76C5023C2266BE9000E46A52 /* ServiceConfiguration.swift in Sources */,
				76C502112266BB4500E46A52 /* AppDelegate.swift in Sources */,
				76C502312266BBB000E46A52 /* RepositoriesTableViewController.swift in Sources */,
				76FACAF52269343300FD2944 /* RepositoryTableViewCell.swift in Sources */,
				76C5023F2266C09000E46A52 /* RepositorySearchService.swift in Sources */,
				76FACAF92269426000FD2944 /* RemoteImageView.swift in Sources */,
				76FACAF122692CBD00FD2944 /* UserDataView.swift in Sources */,
				76FACAED226928FF00FD2944 /* RepositoriesPresenter.swift in Sources */,
				76C502332266BD2800E46A52 /* RepositoriesResponse.swift in Sources */,
				76C502372266BDFC00E46A52 /* User.swift in Sources */,
				76C502352266BDEA00E46A52 /* Repository.swift in Sources */,
				76FACAEF22692C9200FD2944 /* RepositoryDataView.swift in Sources */,
				761A27F2226D36070069B77A /* EmptyDataView.swift in Sources */,
				76C5023B2266BE9000E46A52 /* Service.swift in Sources */,
			);
			runOnlyForDeploymentPostprocessing = 0;
		};
		76C5021D2266BB4600E46A52 /* Sources */ = {
			isa = PBXSourcesBuildPhase;
			buildActionMask = 2147483647;
			files = (
				76E557E322695CD200B1D96E /* RepositoriesViewSpy.swift in Sources */,
				76E557DC22695A1C00B1D96E /* RepositoriesTests.swift in Sources */,
				76E557E022695B4200B1D96E /* RepositorySearchServiceMock.swift in Sources */,
			);
			runOnlyForDeploymentPostprocessing = 0;
		};
/* End PBXSourcesBuildPhase section */

/* Begin PBXTargetDependency section */
		76C502232266BB4600E46A52 /* PBXTargetDependency */ = {
			isa = PBXTargetDependency;
			target = 76C5020C2266BB4500E46A52 /* PopRepos */;
			targetProxy = 76C502222266BB4600E46A52 /* PBXContainerItemProxy */;
		};
/* End PBXTargetDependency section */

/* Begin PBXVariantGroup section */
		76C502142266BB4500E46A52 /* Main.storyboard */ = {
			isa = PBXVariantGroup;
			children = (
				76C502152266BB4500E46A52 /* Base */,
			);
			name = Main.storyboard;
			sourceTree = "<group>";
		};
		76C502192266BB4600E46A52 /* LaunchScreen.storyboard */ = {
			isa = PBXVariantGroup;
			children = (
				76C5021A2266BB4600E46A52 /* Base */,
			);
			name = LaunchScreen.storyboard;
			sourceTree = "<group>";
		};
/* End PBXVariantGroup section */

/* Begin XCBuildConfiguration section */
		76C502282266BB4600E46A52 /* Debug */ = {
			isa = XCBuildConfiguration;
			buildSettings = {
				ALWAYS_SEARCH_USER_PATHS = NO;
				CLANG_ANALYZER_NONNULL = YES;
				CLANG_ANALYZER_NUMBER_OBJECT_CONVERSION = YES_AGGRESSIVE;
				CLANG_CXX_LANGUAGE_STANDARD = "gnu++14";
				CLANG_CXX_LIBRARY = "libc++";
				CLANG_ENABLE_MODULES = YES;
				CLANG_ENABLE_OBJC_ARC = YES;
				CLANG_ENABLE_OBJC_WEAK = YES;
				CLANG_WARN_BLOCK_CAPTURE_AUTORELEASING = YES;
				CLANG_WARN_BOOL_CONVERSION = YES;
				CLANG_WARN_COMMA = YES;
				CLANG_WARN_CONSTANT_CONVERSION = YES;
				CLANG_WARN_DEPRECATED_OBJC_IMPLEMENTATIONS = YES;
				CLANG_WARN_DIRECT_OBJC_ISA_USAGE = YES_ERROR;
				CLANG_WARN_DOCUMENTATION_COMMENTS = YES;
				CLANG_WARN_EMPTY_BODY = YES;
				CLANG_WARN_ENUM_CONVERSION = YES;
				CLANG_WARN_INFINITE_RECURSION = YES;
				CLANG_WARN_INT_CONVERSION = YES;
				CLANG_WARN_NON_LITERAL_NULL_CONVERSION = YES;
				CLANG_WARN_OBJC_IMPLICIT_RETAIN_SELF = YES;
				CLANG_WARN_OBJC_LITERAL_CONVERSION = YES;
				CLANG_WARN_OBJC_ROOT_CLASS = YES_ERROR;
				CLANG_WARN_RANGE_LOOP_ANALYSIS = YES;
				CLANG_WARN_STRICT_PROTOTYPES = YES;
				CLANG_WARN_SUSPICIOUS_MOVE = YES;
				CLANG_WARN_UNGUARDED_AVAILABILITY = YES_AGGRESSIVE;
				CLANG_WARN_UNREACHABLE_CODE = YES;
				CLANG_WARN__DUPLICATE_METHOD_MATCH = YES;
				CODE_SIGN_IDENTITY = "iPhone Developer";
				COPY_PHASE_STRIP = NO;
				DEBUG_INFORMATION_FORMAT = dwarf;
				ENABLE_STRICT_OBJC_MSGSEND = YES;
				ENABLE_TESTABILITY = YES;
				GCC_C_LANGUAGE_STANDARD = gnu11;
				GCC_DYNAMIC_NO_PIC = NO;
				GCC_NO_COMMON_BLOCKS = YES;
				GCC_OPTIMIZATION_LEVEL = 0;
				GCC_PREPROCESSOR_DEFINITIONS = (
					"DEBUG=1",
					"$(inherited)",
				);
				GCC_WARN_64_TO_32_BIT_CONVERSION = YES;
				GCC_WARN_ABOUT_RETURN_TYPE = YES_ERROR;
				GCC_WARN_UNDECLARED_SELECTOR = YES;
				GCC_WARN_UNINITIALIZED_AUTOS = YES_AGGRESSIVE;
				GCC_WARN_UNUSED_FUNCTION = YES;
				GCC_WARN_UNUSED_VARIABLE = YES;
				IPHONEOS_DEPLOYMENT_TARGET = 12.2;
				MTL_ENABLE_DEBUG_INFO = INCLUDE_SOURCE;
				MTL_FAST_MATH = YES;
				ONLY_ACTIVE_ARCH = YES;
				SDKROOT = iphoneos;
				SWIFT_ACTIVE_COMPILATION_CONDITIONS = DEBUG;
				SWIFT_OPTIMIZATION_LEVEL = "-Onone";
			};
			name = Debug;
		};
		76C502292266BB4600E46A52 /* Release */ = {
			isa = XCBuildConfiguration;
			buildSettings = {
				ALWAYS_SEARCH_USER_PATHS = NO;
				CLANG_ANALYZER_NONNULL = YES;
				CLANG_ANALYZER_NUMBER_OBJECT_CONVERSION = YES_AGGRESSIVE;
				CLANG_CXX_LANGUAGE_STANDARD = "gnu++14";
				CLANG_CXX_LIBRARY = "libc++";
				CLANG_ENABLE_MODULES = YES;
				CLANG_ENABLE_OBJC_ARC = YES;
				CLANG_ENABLE_OBJC_WEAK = YES;
				CLANG_WARN_BLOCK_CAPTURE_AUTORELEASING = YES;
				CLANG_WARN_BOOL_CONVERSION = YES;
				CLANG_WARN_COMMA = YES;
				CLANG_WARN_CONSTANT_CONVERSION = YES;
				CLANG_WARN_DEPRECATED_OBJC_IMPLEMENTATIONS = YES;
				CLANG_WARN_DIRECT_OBJC_ISA_USAGE = YES_ERROR;
				CLANG_WARN_DOCUMENTATION_COMMENTS = YES;
				CLANG_WARN_EMPTY_BODY = YES;
				CLANG_WARN_ENUM_CONVERSION = YES;
				CLANG_WARN_INFINITE_RECURSION = YES;
				CLANG_WARN_INT_CONVERSION = YES;
				CLANG_WARN_NON_LITERAL_NULL_CONVERSION = YES;
				CLANG_WARN_OBJC_IMPLICIT_RETAIN_SELF = YES;
				CLANG_WARN_OBJC_LITERAL_CONVERSION = YES;
				CLANG_WARN_OBJC_ROOT_CLASS = YES_ERROR;
				CLANG_WARN_RANGE_LOOP_ANALYSIS = YES;
				CLANG_WARN_STRICT_PROTOTYPES = YES;
				CLANG_WARN_SUSPICIOUS_MOVE = YES;
				CLANG_WARN_UNGUARDED_AVAILABILITY = YES_AGGRESSIVE;
				CLANG_WARN_UNREACHABLE_CODE = YES;
				CLANG_WARN__DUPLICATE_METHOD_MATCH = YES;
				CODE_SIGN_IDENTITY = "iPhone Developer";
				COPY_PHASE_STRIP = NO;
				DEBUG_INFORMATION_FORMAT = "dwarf-with-dsym";
				ENABLE_NS_ASSERTIONS = NO;
				ENABLE_STRICT_OBJC_MSGSEND = YES;
				GCC_C_LANGUAGE_STANDARD = gnu11;
				GCC_NO_COMMON_BLOCKS = YES;
				GCC_WARN_64_TO_32_BIT_CONVERSION = YES;
				GCC_WARN_ABOUT_RETURN_TYPE = YES_ERROR;
				GCC_WARN_UNDECLARED_SELECTOR = YES;
				GCC_WARN_UNINITIALIZED_AUTOS = YES_AGGRESSIVE;
				GCC_WARN_UNUSED_FUNCTION = YES;
				GCC_WARN_UNUSED_VARIABLE = YES;
				IPHONEOS_DEPLOYMENT_TARGET = 12.2;
				MTL_ENABLE_DEBUG_INFO = NO;
				MTL_FAST_MATH = YES;
				SDKROOT = iphoneos;
				SWIFT_COMPILATION_MODE = wholemodule;
				SWIFT_OPTIMIZATION_LEVEL = "-O";
				VALIDATE_PRODUCT = YES;
			};
			name = Release;
		};
		76C5022B2266BB4600E46A52 /* Debug */ = {
			isa = XCBuildConfiguration;
			buildSettings = {
				ASSETCATALOG_COMPILER_APPICON_NAME = AppIcon;
				CODE_SIGN_STYLE = Automatic;
				DEVELOPMENT_TEAM = GX3ZT26ZRR;
				INFOPLIST_FILE = PopRepos/Info.plist;
				LD_RUNPATH_SEARCH_PATHS = (
					"$(inherited)",
					"@executable_path/Frameworks",
				);
				PRODUCT_BUNDLE_IDENTIFIER = "com.leonardo-oliveira.PopRepos";
				PRODUCT_NAME = "$(TARGET_NAME)";
				SWIFT_VERSION = 5.0;
				TARGETED_DEVICE_FAMILY = "1,2";
			};
			name = Debug;
		};
		76C5022C2266BB4600E46A52 /* Release */ = {
			isa = XCBuildConfiguration;
			buildSettings = {
				ASSETCATALOG_COMPILER_APPICON_NAME = AppIcon;
				CODE_SIGN_STYLE = Automatic;
				DEVELOPMENT_TEAM = GX3ZT26ZRR;
				INFOPLIST_FILE = PopRepos/Info.plist;
				LD_RUNPATH_SEARCH_PATHS = (
					"$(inherited)",
					"@executable_path/Frameworks",
				);
				PRODUCT_BUNDLE_IDENTIFIER = "com.leonardo-oliveira.PopRepos";
				PRODUCT_NAME = "$(TARGET_NAME)";
				SWIFT_VERSION = 5.0;
				TARGETED_DEVICE_FAMILY = "1,2";
			};
			name = Release;
		};
		76C5022E2266BB4600E46A52 /* Debug */ = {
			isa = XCBuildConfiguration;
			buildSettings = {
				ALWAYS_EMBED_SWIFT_STANDARD_LIBRARIES = YES;
				BUNDLE_LOADER = "$(TEST_HOST)";
				CODE_SIGN_STYLE = Automatic;
				DEVELOPMENT_TEAM = GX3ZT26ZRR;
				INFOPLIST_FILE = PopReposTests/Info.plist;
				LD_RUNPATH_SEARCH_PATHS = (
					"$(inherited)",
					"@executable_path/Frameworks",
					"@loader_path/Frameworks",
				);
				PRODUCT_BUNDLE_IDENTIFIER = "com.leonardo-oliveira.PopReposTests";
				PRODUCT_NAME = "$(TARGET_NAME)";
				SWIFT_VERSION = 5.0;
				TARGETED_DEVICE_FAMILY = "1,2";
				TEST_HOST = "$(BUILT_PRODUCTS_DIR)/PopRepos.app/PopRepos";
			};
			name = Debug;
		};
		76C5022F2266BB4600E46A52 /* Release */ = {
			isa = XCBuildConfiguration;
			buildSettings = {
				ALWAYS_EMBED_SWIFT_STANDARD_LIBRARIES = YES;
				BUNDLE_LOADER = "$(TEST_HOST)";
				CODE_SIGN_STYLE = Automatic;
				DEVELOPMENT_TEAM = GX3ZT26ZRR;
				INFOPLIST_FILE = PopReposTests/Info.plist;
				LD_RUNPATH_SEARCH_PATHS = (
					"$(inherited)",
					"@executable_path/Frameworks",
					"@loader_path/Frameworks",
				);
				PRODUCT_BUNDLE_IDENTIFIER = "com.leonardo-oliveira.PopReposTests";
				PRODUCT_NAME = "$(TARGET_NAME)";
				SWIFT_VERSION = 5.0;
				TARGETED_DEVICE_FAMILY = "1,2";
				TEST_HOST = "$(BUILT_PRODUCTS_DIR)/PopRepos.app/PopRepos";
			};
			name = Release;
		};
/* End XCBuildConfiguration section */

/* Begin XCConfigurationList section */
		76C502082266BB4500E46A52 /* Build configuration list for PBXProject "PopRepos" */ = {
			isa = XCConfigurationList;
			buildConfigurations = (
				76C502282266BB4600E46A52 /* Debug */,
				76C502292266BB4600E46A52 /* Release */,
			);
			defaultConfigurationIsVisible = 0;
			defaultConfigurationName = Release;
		};
		76C5022A2266BB4600E46A52 /* Build configuration list for PBXNativeTarget "PopRepos" */ = {
			isa = XCConfigurationList;
			buildConfigurations = (
				76C5022B2266BB4600E46A52 /* Debug */,
				76C5022C2266BB4600E46A52 /* Release */,
			);
			defaultConfigurationIsVisible = 0;
			defaultConfigurationName = Release;
		};
		76C5022D2266BB4600E46A52 /* Build configuration list for PBXNativeTarget "PopReposTests" */ = {
			isa = XCConfigurationList;
			buildConfigurations = (
				76C5022E2266BB4600E46A52 /* Debug */,
				76C5022F2266BB4600E46A52 /* Release */,
			);
			defaultConfigurationIsVisible = 0;
			defaultConfigurationName = Release;
		};
/* End XCConfigurationList section */
	};
	rootObject = 76C502052266BB4500E46A52 /* Project object */;
}
